
Microsoft Visual Studio Solution File, Format Version 12.00
# Visual Studio 15
VisualStudioVersion = 15.0.28307.1000
MinimumVisualStudioVersion = 10.0.40219.1
Project("{FAE04EC0-301F-11D3-BF4B-00C04F79EFBC}") = "IntroShop", "IntroShop\IntroShop.csproj", "{C5F42907-E95F-4CDC-8AB8-940076FAB48C}"
EndProject
Global
	GlobalSection(SolutionConfigurationPlatforms) = preSolution
		Debug|Any CPU = Debug|Any CPU
		Release|Any CPU = Release|Any CPU
	EndGlobalSection
	GlobalSection(ProjectConfigurationPlatforms) = postSolution
		{C5F42907-E95F-4CDC-8AB8-940076FAB48C}.Debug|Any CPU.ActiveCfg = Debug|Any CPU
		{C5F42907-E95F-4CDC-8AB8-940076FAB48C}.Debug|Any CPU.Build.0 = Debug|Any CPU
		{C5F42907-E95F-4CDC-8AB8-940076FAB48C}.Release|Any CPU.ActiveCfg = Release|Any CPU
		{C5F42907-E95F-4CDC-8AB8-940076FAB48C}.Release|Any CPU.Build.0 = Release|Any CPU
	EndGlobalSection
	GlobalSection(SolutionProperties) = preSolution
		HideSolutionNode = FALSE
	EndGlobalSection
	GlobalSection(ExtensibilityGlobals) = postSolution
		SolutionGuid = {FB1A92C5-B566-465D-9B40-F6CE7070BA75}
	EndGlobalSection
EndGlobal
